{
    "name": "foundry-types",
    "version": "2.0.2",
    "lockfileVersion": 2,
    "requires": true,
    "packages": {
        "": {
            "name": "foundry-types",
            "version": "2.0.2",
            "license": "Apache-2.0",
            "devDependencies": {
                "pixi.js": "6.2.2",
                "typescript": "^4.7.4"
            }
        },
        "node_modules/@pixi/accessibility": {
            "version": "6.2.2",
            "resolved": "https://registry.npmjs.org/@pixi/accessibility/-/accessibility-6.2.2.tgz",
            "integrity": "sha512-/mXRXCw67bmPY/OZ1Y1p747h3SSg7eqacIChAUJohjbcJK0R2EJRD2uVTspVIUpHPJA0ECNGBpKqk0C1Yzkj2w==",
            "dev": true,
            "peerDependencies": {
                "@pixi/core": "6.2.2",
                "@pixi/display": "6.2.2",
                "@pixi/utils": "6.2.2"
            }
        },
        "node_modules/@pixi/app": {
            "version": "6.2.2",
            "resolved": "https://registry.npmjs.org/@pixi/app/-/app-6.2.2.tgz",
            "integrity": "sha512-YBzVaSZGA842w2gsgqzxYwQMXeu2JZmSyiybi4raFsA35iOeMurXy7sEs5NP9JO+cjobJyx6echuHzZpKUjWsQ==",
            "dev": true,
            "peerDependencies": {
                "@pixi/core": "6.2.2",
                "@pixi/display": "6.2.2"
            }
        },
        "node_modules/@pixi/compressed-textures": {
            "version": "6.2.2",
            "resolved": "https://registry.npmjs.org/@pixi/compressed-textures/-/compressed-textures-6.2.2.tgz",
            "integrity": "sha512-ZjiqYCE6nGtsKTRa6w4W6Krh3vo4M3WT6lrP+VW6BfgUx3quEURt5GVFsFZrJpWF4yI1fShFmjBUOerrTLJGRQ==",
            "dev": true,
            "peerDependencies": {
                "@pixi/constants": "6.2.2",
                "@pixi/core": "6.2.2",
                "@pixi/loaders": "6.2.2",
                "@pixi/utils": "6.2.2"
            }
        },
        "node_modules/@pixi/constants": {
            "version": "6.2.2",
            "resolved": "https://registry.npmjs.org/@pixi/constants/-/constants-6.2.2.tgz",
            "integrity": "sha512-BKSoj/5SI+pQEatuCG5kXXWtCZmZZNMhfhXeqvYO/WNZ+LDxm6F4pllf0t7KjGs1ZBpNxVf6fyngF9Q5r3MgJQ==",
            "dev": true
        },
        "node_modules/@pixi/core": {
            "version": "6.2.2",
            "resolved": "https://registry.npmjs.org/@pixi/core/-/core-6.2.2.tgz",
            "integrity": "sha512-XAqgdJ1w9k1ZUBXECm19rcnN2ngm+tOP74HkGw4qQay0biM3JS+wtX4fWQmZNGr8krf6lJrNbsghbtUy70uUaw==",
            "dev": true,
            "funding": {
                "type": "opencollective",
                "url": "https://opencollective.com/pixijs"
            },
            "peerDependencies": {
                "@pixi/constants": "6.2.2",
                "@pixi/math": "6.2.2",
                "@pixi/runner": "6.2.2",
                "@pixi/settings": "6.2.2",
                "@pixi/ticker": "6.2.2",
                "@pixi/utils": "6.2.2"
            }
        },
        "node_modules/@pixi/display": {
            "version": "6.2.2",
            "resolved": "https://registry.npmjs.org/@pixi/display/-/display-6.2.2.tgz",
            "integrity": "sha512-8a0R+9rjlUUjb13nBA6ZNj9gygJqt38B63uIZ2inkhxpIQf0CLo2hNxkqCqXiMeRuGmOw1n6neEDMnHO1Ks+xA==",
            "dev": true,
            "peerDependencies": {
                "@pixi/math": "6.2.2",
                "@pixi/settings": "6.2.2",
                "@pixi/utils": "6.2.2"
            }
        },
        "node_modules/@pixi/extract": {
            "version": "6.2.2",
            "resolved": "https://registry.npmjs.org/@pixi/extract/-/extract-6.2.2.tgz",
            "integrity": "sha512-w3gW1/VoHNqFEUNGRQBKm8dCdg816etbpbLExWctmPpNdyxos5N7DF44UMRFg40GPVBBNzYissrH/ojca4PFIA==",
            "dev": true,
            "peerDependencies": {
                "@pixi/core": "6.2.2",
                "@pixi/math": "6.2.2",
                "@pixi/utils": "6.2.2"
            }
        },
        "node_modules/@pixi/filter-alpha": {
            "version": "6.2.2",
            "resolved": "https://registry.npmjs.org/@pixi/filter-alpha/-/filter-alpha-6.2.2.tgz",
            "integrity": "sha512-CijLcgFdmivmSyZuM5Yyeo6R+PwalZp9OSoard1Oh5DBVvcRDn4m3cBM+nimR4YJbr0kiMbK4Ja8r+e2vwFVjA==",
            "dev": true,
            "peerDependencies": {
                "@pixi/core": "6.2.2"
            }
        },
        "node_modules/@pixi/filter-blur": {
            "version": "6.2.2",
            "resolved": "https://registry.npmjs.org/@pixi/filter-blur/-/filter-blur-6.2.2.tgz",
            "integrity": "sha512-ApFqn2fMIipr3mRp/8dZ74qraGGzzPO/EzvltDqJLru9vGlbX6dKLXZ6w5H8D/uN6aQW1e4N1Nrtzk5mvJVQ3g==",
            "dev": true,
            "peerDependencies": {
                "@pixi/core": "6.2.2",
                "@pixi/settings": "6.2.2"
            }
        },
        "node_modules/@pixi/filter-color-matrix": {
            "version": "6.2.2",
            "resolved": "https://registry.npmjs.org/@pixi/filter-color-matrix/-/filter-color-matrix-6.2.2.tgz",
            "integrity": "sha512-fQWbtKFWV29jKkq4d6TknEfQ5sF5OxcbJeZo0HJmgoV3FLZ0t21XE991CFI/TqDBo8U3wzUPZVbXxiFoDKmJ8w==",
            "dev": true,
            "peerDependencies": {
                "@pixi/core": "6.2.2"
            }
        },
        "node_modules/@pixi/filter-displacement": {
            "version": "6.2.2",
            "resolved": "https://registry.npmjs.org/@pixi/filter-displacement/-/filter-displacement-6.2.2.tgz",
            "integrity": "sha512-cd9um4kNNIeqKA/wVZw+iha+XVbBOYBC8En5hk3ZXAIXxCHxOCz3KS+aOVejXH5EB/gMDPvNNwygn0SCpSGdKA==",
            "dev": true,
            "peerDependencies": {
                "@pixi/core": "6.2.2",
                "@pixi/math": "6.2.2"
            }
        },
        "node_modules/@pixi/filter-fxaa": {
            "version": "6.2.2",
            "resolved": "https://registry.npmjs.org/@pixi/filter-fxaa/-/filter-fxaa-6.2.2.tgz",
            "integrity": "sha512-e4qekMlsiEcjV0JRoqH3b34sk8yzT4jsROYPHzk0IiafE+nNNcF3vQmcmnfC0aGIyODzmNdzFLjlFkRRSviydA==",
            "dev": true,
            "peerDependencies": {
                "@pixi/core": "6.2.2"
            }
        },
        "node_modules/@pixi/filter-noise": {
            "version": "6.2.2",
            "resolved": "https://registry.npmjs.org/@pixi/filter-noise/-/filter-noise-6.2.2.tgz",
            "integrity": "sha512-Jp4L6winS6ZGKpp76x3JyfEWnUMY44fQ90Ts3R3vKkZZFNDd3T4uisZ7YwvDKOhmSo5hY3lQkXaCg/YO5feXbw==",
            "dev": true,
            "peerDependencies": {
                "@pixi/core": "6.2.2"
            }
        },
        "node_modules/@pixi/graphics": {
            "version": "6.2.2",
            "resolved": "https://registry.npmjs.org/@pixi/graphics/-/graphics-6.2.2.tgz",
            "integrity": "sha512-mQyd6ef6/EF5nt7M1OObBEb9FCXxIP6AT30H01Z2wnnCgu4qj8MHrJxTkQxSHynQ+eVVPswzpVizUQZHlIYZNw==",
            "dev": true,
            "peerDependencies": {
                "@pixi/constants": "6.2.2",
                "@pixi/core": "6.2.2",
                "@pixi/display": "6.2.2",
                "@pixi/math": "6.2.2",
                "@pixi/sprite": "6.2.2",
                "@pixi/utils": "6.2.2"
            }
        },
        "node_modules/@pixi/interaction": {
            "version": "6.2.2",
            "resolved": "https://registry.npmjs.org/@pixi/interaction/-/interaction-6.2.2.tgz",
            "integrity": "sha512-gpNLCPc+j+RZSZqbKbzVRf4fSlOlYm0xqUVn6JtNH1kc+d9AV7Nmw9but4osP/eodDWsWPQ+7sPKClHY36bKRA==",
            "dev": true,
            "peerDependencies": {
                "@pixi/core": "6.2.2",
                "@pixi/display": "6.2.2",
                "@pixi/math": "6.2.2",
                "@pixi/ticker": "6.2.2",
                "@pixi/utils": "6.2.2"
            }
        },
        "node_modules/@pixi/loaders": {
            "version": "6.2.2",
            "resolved": "https://registry.npmjs.org/@pixi/loaders/-/loaders-6.2.2.tgz",
            "integrity": "sha512-jwFM59GeMQpzuniw5PlC7kCoXZEaKrw31/ecR1sXKWDtHRyMtvXTuf+R+tSol/1ISQ55c0JBTuUbLPwp7hPvFQ==",
            "dev": true,
            "peerDependencies": {
                "@pixi/constants": "6.2.2",
                "@pixi/core": "6.2.2",
                "@pixi/utils": "6.2.2"
            }
        },
        "node_modules/@pixi/math": {
            "version": "6.2.2",
            "resolved": "https://registry.npmjs.org/@pixi/math/-/math-6.2.2.tgz",
            "integrity": "sha512-TtsaooRRMc/WAZ4LKUDhP/d14BZElLjRNa2gopwTKUtrDa1KvzAMr8WJ8P+gaXl4DJ8B/MlgESdPhRUqVSUw0A==",
            "dev": true
        },
        "node_modules/@pixi/mesh": {
            "version": "6.2.2",
            "resolved": "https://registry.npmjs.org/@pixi/mesh/-/mesh-6.2.2.tgz",
            "integrity": "sha512-CsKFgTu2MP756sHeoCr9s4tHy2VmnDZPnvZ0ThV8QMnb5w3Z2qRDKlXSSIdNaQOxoAPKkqxIu0JbLK8kyX0oqw==",
            "dev": true,
            "peerDependencies": {
                "@pixi/constants": "6.2.2",
                "@pixi/core": "6.2.2",
                "@pixi/display": "6.2.2",
                "@pixi/math": "6.2.2",
                "@pixi/settings": "6.2.2",
                "@pixi/utils": "6.2.2"
            }
        },
        "node_modules/@pixi/mesh-extras": {
            "version": "6.2.2",
            "resolved": "https://registry.npmjs.org/@pixi/mesh-extras/-/mesh-extras-6.2.2.tgz",
            "integrity": "sha512-HFYWhWcV6gY7VYnMhz9OSEN14PPfVqLzWnglbegGEMqCbY/ZGsD8X99x/HLGQGd6L4FFto382q0Fj1xu+y/brg==",
            "dev": true,
            "peerDependencies": {
                "@pixi/constants": "6.2.2",
                "@pixi/core": "6.2.2",
                "@pixi/math": "6.2.2",
                "@pixi/mesh": "6.2.2",
                "@pixi/utils": "6.2.2"
            }
        },
        "node_modules/@pixi/mixin-cache-as-bitmap": {
            "version": "6.2.2",
            "resolved": "https://registry.npmjs.org/@pixi/mixin-cache-as-bitmap/-/mixin-cache-as-bitmap-6.2.2.tgz",
            "integrity": "sha512-t3jZKGa/qoRMetMWmGkXz8Kp1Uzmb+2y4/adqu+RdIeG3D1oItuGux+R36ZQO6dVRv3R8s2/Dex0aACek171zw==",
            "dev": true,
            "peerDependencies": {
                "@pixi/core": "6.2.2",
                "@pixi/display": "6.2.2",
                "@pixi/math": "6.2.2",
                "@pixi/settings": "6.2.2",
                "@pixi/sprite": "6.2.2",
                "@pixi/utils": "6.2.2"
            }
        },
        "node_modules/@pixi/mixin-get-child-by-name": {
            "version": "6.2.2",
            "resolved": "https://registry.npmjs.org/@pixi/mixin-get-child-by-name/-/mixin-get-child-by-name-6.2.2.tgz",
            "integrity": "sha512-BBrniLAkzDex4HyvVdE/DjphzQu4pZ8Nc5aDRIbiS1s283/IXr2oTcoaW23kCjhX0xgu++XcJQQMMyv3mlblZQ==",
            "dev": true,
            "peerDependencies": {
                "@pixi/display": "6.2.2"
            }
        },
        "node_modules/@pixi/mixin-get-global-position": {
            "version": "6.2.2",
            "resolved": "https://registry.npmjs.org/@pixi/mixin-get-global-position/-/mixin-get-global-position-6.2.2.tgz",
            "integrity": "sha512-Rz7DHn6koYFEeVG36rKiMwoTD+elJKqwQ24HHw0BAKz1VwGagBi0ZTcJ+nWplBOrw6ZPKfdOBwGQLXD7ODg8lQ==",
            "dev": true,
            "peerDependencies": {
                "@pixi/display": "6.2.2",
                "@pixi/math": "6.2.2"
            }
        },
        "node_modules/@pixi/particle-container": {
            "version": "6.2.2",
            "resolved": "https://registry.npmjs.org/@pixi/particle-container/-/particle-container-6.2.2.tgz",
            "integrity": "sha512-DYbSCcUiVLeM4sKZkzAp3F6dz3idyP1jecxbFqNmRjWRyMv7uXIO42rxGJMrd6BzA5j7DkywI3X0SqhhSZP7Ag==",
            "dev": true,
            "peerDependencies": {
                "@pixi/constants": "6.2.2",
                "@pixi/core": "6.2.2",
                "@pixi/display": "6.2.2",
                "@pixi/math": "6.2.2",
                "@pixi/utils": "6.2.2"
            }
        },
        "node_modules/@pixi/polyfill": {
            "version": "6.2.2",
            "dev": true,
            "license": "MIT",
            "dependencies": {
                "object-assign": "^4.1.1",
                "promise-polyfill": "^8.2.0"
            }
        },
        "node_modules/@pixi/prepare": {
            "version": "6.2.2",
            "resolved": "https://registry.npmjs.org/@pixi/prepare/-/prepare-6.2.2.tgz",
            "integrity": "sha512-kJojn/6zEcao+XQyU+zWkBmQr0Tgeju3F9JYBpPQ8MKIUJYvDQDtRxYo9A6Xzxk8FJ373s2Ext/OelX2FcR3HQ==",
            "dev": true,
            "peerDependencies": {
                "@pixi/core": "6.2.2",
                "@pixi/display": "6.2.2",
                "@pixi/graphics": "6.2.2",
                "@pixi/settings": "6.2.2",
                "@pixi/text": "6.2.2",
                "@pixi/ticker": "6.2.2"
            }
        },
        "node_modules/@pixi/runner": {
            "version": "6.2.2",
            "resolved": "https://registry.npmjs.org/@pixi/runner/-/runner-6.2.2.tgz",
            "integrity": "sha512-q7bc6Eu2XplGzCQBOhbv32P0z48ixW/Su6epT9IOfDi2iTiPjB5Sxp9e+DZDFIzvkfLzgr67Ddy51YMvOp5sQg==",
            "dev": true
        },
        "node_modules/@pixi/settings": {
            "version": "6.2.2",
            "resolved": "https://registry.npmjs.org/@pixi/settings/-/settings-6.2.2.tgz",
            "integrity": "sha512-eQv0ykSwnJUd/LF4MuaFoL+eBNG+EUPAVfsnlsez/Y09aqwIzJyAjRx+uGp9adQ3XHXwYt2l2wINn+foF1y/8A==",
            "dev": true,
            "dependencies": {
                "ismobilejs": "^1.1.0"
            }
        },
        "node_modules/@pixi/sprite": {
            "version": "6.2.2",
            "resolved": "https://registry.npmjs.org/@pixi/sprite/-/sprite-6.2.2.tgz",
            "integrity": "sha512-Imr+sJWFh5GtarW3FBBUzedSexfijg7OL0A6qwMDHA011gjyVeRZ15uXP8fgIwUoHoMLsU6xk85jcucM9RfWuw==",
            "dev": true,
            "peerDependencies": {
                "@pixi/constants": "6.2.2",
                "@pixi/core": "6.2.2",
                "@pixi/display": "6.2.2",
                "@pixi/math": "6.2.2",
                "@pixi/settings": "6.2.2",
                "@pixi/utils": "6.2.2"
            }
        },
        "node_modules/@pixi/sprite-animated": {
            "version": "6.2.2",
            "resolved": "https://registry.npmjs.org/@pixi/sprite-animated/-/sprite-animated-6.2.2.tgz",
            "integrity": "sha512-MNkVIuC06aXn8bgfWyqQE8vmclCVLgmHB//hssr/1IFCVmnEEYZLyeWErkIA87grY3iV7tGOILEYSa3pod4XEg==",
            "dev": true,
            "peerDependencies": {
                "@pixi/core": "6.2.2",
                "@pixi/sprite": "6.2.2",
                "@pixi/ticker": "6.2.2"
            }
        },
        "node_modules/@pixi/sprite-tiling": {
            "version": "6.2.2",
            "resolved": "https://registry.npmjs.org/@pixi/sprite-tiling/-/sprite-tiling-6.2.2.tgz",
            "integrity": "sha512-HQ9RVObmwyPq+PM2wm2UEIMdsvWg96ymSz0NOh9bOfMSme18vSWv0Rbidv/FziQT8x6MpoLpYke0DYMGtbu0tA==",
            "dev": true,
            "peerDependencies": {
                "@pixi/constants": "6.2.2",
                "@pixi/core": "6.2.2",
                "@pixi/display": "6.2.2",
                "@pixi/math": "6.2.2",
                "@pixi/sprite": "6.2.2",
                "@pixi/utils": "6.2.2"
            }
        },
        "node_modules/@pixi/spritesheet": {
            "version": "6.2.2",
            "resolved": "https://registry.npmjs.org/@pixi/spritesheet/-/spritesheet-6.2.2.tgz",
            "integrity": "sha512-TZodC/pf+CW/8kZN+RPzObXWSPgYv1pp+foUnOHb7w8AyFnMljeqBPiUfLQaMzw91TI9AHLihoeeofqZ4wMpww==",
            "dev": true,
            "peerDependencies": {
                "@pixi/core": "6.2.2",
                "@pixi/loaders": "6.2.2",
                "@pixi/math": "6.2.2",
                "@pixi/utils": "6.2.2"
            }
        },
        "node_modules/@pixi/text": {
            "version": "6.2.2",
            "resolved": "https://registry.npmjs.org/@pixi/text/-/text-6.2.2.tgz",
            "integrity": "sha512-Hi6MO/QhllZ4IWkr7MBzImzHB88XXKlF5E9xt1vUBhdZb3KsQD+cPx+bNCFWn6ZMWDmOloJekzRkkSl3KrfBSw==",
            "dev": true,
            "peerDependencies": {
                "@pixi/core": "6.2.2",
                "@pixi/math": "6.2.2",
                "@pixi/settings": "6.2.2",
                "@pixi/sprite": "6.2.2",
                "@pixi/utils": "6.2.2"
            }
        },
        "node_modules/@pixi/text-bitmap": {
            "version": "6.2.2",
            "resolved": "https://registry.npmjs.org/@pixi/text-bitmap/-/text-bitmap-6.2.2.tgz",
            "integrity": "sha512-pJZM0o68n6cUFUdolvpuuloMccdQqvTc3CLzhLu9xW9HLx7NeFjZEQWTGQea8GXsGa1RhvlMd9x3AiVSNMI2FA==",
            "dev": true,
            "peerDependencies": {
                "@pixi/constants": "6.2.2",
                "@pixi/core": "6.2.2",
                "@pixi/display": "6.2.2",
                "@pixi/loaders": "6.2.2",
                "@pixi/math": "6.2.2",
                "@pixi/mesh": "6.2.2",
                "@pixi/settings": "6.2.2",
                "@pixi/text": "6.2.2",
                "@pixi/utils": "6.2.2"
            }
        },
        "node_modules/@pixi/ticker": {
            "version": "6.2.2",
            "resolved": "https://registry.npmjs.org/@pixi/ticker/-/ticker-6.2.2.tgz",
            "integrity": "sha512-tF3cRtcYnj3U3HFQ0IJKvAxFU1YUM96T0p8Qh478xZhvGxYGnjrQDPmjXePb4NocAdG5adb6//2uvQOd7o4rHg==",
            "dev": true,
            "peerDependencies": {
                "@pixi/settings": "6.2.2"
            }
        },
        "node_modules/@pixi/utils": {
            "version": "6.2.2",
            "resolved": "https://registry.npmjs.org/@pixi/utils/-/utils-6.2.2.tgz",
            "integrity": "sha512-rpS6QolFuRmm/QcKm5PYHOCkX6okl9a00u2osaMbmPP+l7XLATTxSsFhw64UbSNR+zmzsrhreRFBVFn3tf8K6w==",
            "dev": true,
            "dependencies": {
                "@types/earcut": "^2.1.0",
                "earcut": "^2.2.2",
                "eventemitter3": "^3.1.0",
                "url": "^0.11.0"
            },
            "peerDependencies": {
                "@pixi/constants": "6.2.2",
                "@pixi/settings": "6.2.2"
            }
        },
        "node_modules/@types/earcut": {
            "version": "2.1.1",
            "resolved": "https://registry.npmjs.org/@types/earcut/-/earcut-2.1.1.tgz",
            "integrity": "sha512-w8oigUCDjElRHRRrMvn/spybSMyX8MTkKA5Dv+tS1IE/TgmNZPqUYtvYBXGY8cieSE66gm+szeK+bnbxC2xHTQ==",
            "dev": true
        },
        "node_modules/earcut": {
            "version": "2.2.4",
            "resolved": "https://registry.npmjs.org/earcut/-/earcut-2.2.4.tgz",
            "integrity": "sha512-/pjZsA1b4RPHbeWZQn66SWS8nZZWLQQ23oE3Eam7aroEFGEvwKAsJfZ9ytiEMycfzXWpca4FA9QIOehf7PocBQ==",
            "dev": true
        },
        "node_modules/eventemitter3": {
            "version": "3.1.2",
            "resolved": "https://registry.npmjs.org/eventemitter3/-/eventemitter3-3.1.2.tgz",
            "integrity": "sha512-tvtQIeLVHjDkJYnzf2dgVMxfuSGJeM/7UCG17TT4EumTfNtF+0nebF/4zWOIkCreAbtNqhGEboB6BWrwqNaw4Q==",
            "dev": true
        },
        "node_modules/ismobilejs": {
            "version": "1.1.1",
            "resolved": "https://registry.npmjs.org/ismobilejs/-/ismobilejs-1.1.1.tgz",
            "integrity": "sha512-VaFW53yt8QO61k2WJui0dHf4SlL8lxBofUuUmwBo0ljPk0Drz2TiuDW4jo3wDcv41qy/SxrJ+VAzJ/qYqsmzRw==",
            "dev": true
        },
        "node_modules/object-assign": {
            "version": "4.1.1",
            "resolved": "https://registry.npmjs.org/object-assign/-/object-assign-4.1.1.tgz",
            "integrity": "sha512-rJgTQnkUnH1sFw8yT6VSU3zD3sWmu6sZhIseY8VX+GRu3P6F7Fu+JNDoXfklElbLJSnc3FUQHVe4cU5hj+BcUg==",
            "dev": true,
            "engines": {
                "node": ">=0.10.0"
            }
        },
        "node_modules/pixi.js": {
            "version": "6.2.2",
            "dev": true,
            "license": "MIT",
            "dependencies": {
                "@pixi/accessibility": "6.2.2",
                "@pixi/app": "6.2.2",
                "@pixi/compressed-textures": "6.2.2",
                "@pixi/constants": "6.2.2",
                "@pixi/core": "6.2.2",
                "@pixi/display": "6.2.2",
                "@pixi/extract": "6.2.2",
                "@pixi/filter-alpha": "6.2.2",
                "@pixi/filter-blur": "6.2.2",
                "@pixi/filter-color-matrix": "6.2.2",
                "@pixi/filter-displacement": "6.2.2",
                "@pixi/filter-fxaa": "6.2.2",
                "@pixi/filter-noise": "6.2.2",
                "@pixi/graphics": "6.2.2",
                "@pixi/interaction": "6.2.2",
                "@pixi/loaders": "6.2.2",
                "@pixi/math": "6.2.2",
                "@pixi/mesh": "6.2.2",
                "@pixi/mesh-extras": "6.2.2",
                "@pixi/mixin-cache-as-bitmap": "6.2.2",
                "@pixi/mixin-get-child-by-name": "6.2.2",
                "@pixi/mixin-get-global-position": "6.2.2",
                "@pixi/particle-container": "6.2.2",
                "@pixi/polyfill": "6.2.2",
                "@pixi/prepare": "6.2.2",
                "@pixi/runner": "6.2.2",
                "@pixi/settings": "6.2.2",
                "@pixi/sprite": "6.2.2",
                "@pixi/sprite-animated": "6.2.2",
                "@pixi/sprite-tiling": "6.2.2",
                "@pixi/spritesheet": "6.2.2",
                "@pixi/text": "6.2.2",
                "@pixi/text-bitmap": "6.2.2",
                "@pixi/ticker": "6.2.2",
                "@pixi/utils": "6.2.2"
            },
            "funding": {
                "type": "opencollective",
                "url": "https://opencollective.com/pixijs"
            }
        },
        "node_modules/promise-polyfill": {
            "version": "8.2.3",
            "resolved": "https://registry.npmjs.org/promise-polyfill/-/promise-polyfill-8.2.3.tgz",
            "integrity": "sha512-Og0+jCRQetV84U8wVjMNccfGCnMQ9mGs9Hv78QFe+pSDD3gWTpz0y+1QCuxy5d/vBFuZ3iwP2eycAkvqIMPmWg==",
            "dev": true
        },
        "node_modules/punycode": {
            "version": "1.3.2",
            "resolved": "https://registry.npmjs.org/punycode/-/punycode-1.3.2.tgz",
            "integrity": "sha512-RofWgt/7fL5wP1Y7fxE7/EmTLzQVnB0ycyibJ0OOHIlJqTNzglYFxVwETOcIoJqJmpDXJ9xImDv+Fq34F/d4Dw==",
            "dev": true
        },
        "node_modules/querystring": {
            "version": "0.2.0",
            "resolved": "https://registry.npmjs.org/querystring/-/querystring-0.2.0.tgz",
            "integrity": "sha512-X/xY82scca2tau62i9mDyU9K+I+djTMUsvwf7xnUX5GLvVzgJybOJf4Y6o9Zx3oJK/LSXg5tTZBjwzqVPaPO2g==",
            "deprecated": "The querystring API is considered Legacy. new code should use the URLSearchParams API instead.",
            "dev": true,
            "engines": {
                "node": ">=0.4.x"
            }
        },
        "node_modules/typescript": {
            "version": "4.7.4",
            "resolved": "https://registry.npmjs.org/typescript/-/typescript-4.7.4.tgz",
            "integrity": "sha512-C0WQT0gezHuw6AdY1M2jxUO83Rjf0HP7Sk1DtXj6j1EwkQNZrHAg2XPWlq62oqEhYvONq5pkC2Y9oPljWToLmQ==",
            "dev": true,
            "bin": {
                "tsc": "bin/tsc",
                "tsserver": "bin/tsserver"
            },
            "engines": {
                "node": ">=4.2.0"
            }
        },
        "node_modules/url": {
            "version": "0.11.0",
            "resolved": "https://registry.npmjs.org/url/-/url-0.11.0.tgz",
            "integrity": "sha512-kbailJa29QrtXnxgq+DdCEGlbTeYM2eJUxsz6vjZavrCYPMIFHMKQmSKYAIuUK2i7hgPm28a8piX5NTUtM/LKQ==",
            "dev": true,
            "dependencies": {
                "punycode": "1.3.2",
                "querystring": "0.2.0"
            }
        }
    },
    "dependencies": {
        "@pixi/accessibility": {
            "version": "6.2.2",
            "resolved": "https://registry.npmjs.org/@pixi/accessibility/-/accessibility-6.2.2.tgz",
            "integrity": "sha512-/mXRXCw67bmPY/OZ1Y1p747h3SSg7eqacIChAUJohjbcJK0R2EJRD2uVTspVIUpHPJA0ECNGBpKqk0C1Yzkj2w==",
            "dev": true,
            "requires": {}
        },
        "@pixi/app": {
            "version": "6.2.2",
            "resolved": "https://registry.npmjs.org/@pixi/app/-/app-6.2.2.tgz",
            "integrity": "sha512-YBzVaSZGA842w2gsgqzxYwQMXeu2JZmSyiybi4raFsA35iOeMurXy7sEs5NP9JO+cjobJyx6echuHzZpKUjWsQ==",
            "dev": true,
            "requires": {}
        },
        "@pixi/compressed-textures": {
            "version": "6.2.2",
            "resolved": "https://registry.npmjs.org/@pixi/compressed-textures/-/compressed-textures-6.2.2.tgz",
            "integrity": "sha512-ZjiqYCE6nGtsKTRa6w4W6Krh3vo4M3WT6lrP+VW6BfgUx3quEURt5GVFsFZrJpWF4yI1fShFmjBUOerrTLJGRQ==",
            "dev": true,
            "requires": {}
        },
        "@pixi/constants": {
            "version": "6.2.2",
            "resolved": "https://registry.npmjs.org/@pixi/constants/-/constants-6.2.2.tgz",
            "integrity": "sha512-BKSoj/5SI+pQEatuCG5kXXWtCZmZZNMhfhXeqvYO/WNZ+LDxm6F4pllf0t7KjGs1ZBpNxVf6fyngF9Q5r3MgJQ==",
            "dev": true
        },
        "@pixi/core": {
            "version": "6.2.2",
            "resolved": "https://registry.npmjs.org/@pixi/core/-/core-6.2.2.tgz",
            "integrity": "sha512-XAqgdJ1w9k1ZUBXECm19rcnN2ngm+tOP74HkGw4qQay0biM3JS+wtX4fWQmZNGr8krf6lJrNbsghbtUy70uUaw==",
            "dev": true,
            "requires": {}
        },
        "@pixi/display": {
            "version": "6.2.2",
            "resolved": "https://registry.npmjs.org/@pixi/display/-/display-6.2.2.tgz",
            "integrity": "sha512-8a0R+9rjlUUjb13nBA6ZNj9gygJqt38B63uIZ2inkhxpIQf0CLo2hNxkqCqXiMeRuGmOw1n6neEDMnHO1Ks+xA==",
            "dev": true,
            "requires": {}
        },
        "@pixi/extract": {
            "version": "6.2.2",
            "resolved": "https://registry.npmjs.org/@pixi/extract/-/extract-6.2.2.tgz",
            "integrity": "sha512-w3gW1/VoHNqFEUNGRQBKm8dCdg816etbpbLExWctmPpNdyxos5N7DF44UMRFg40GPVBBNzYissrH/ojca4PFIA==",
            "dev": true,
            "requires": {}
        },
        "@pixi/filter-alpha": {
            "version": "6.2.2",
            "resolved": "https://registry.npmjs.org/@pixi/filter-alpha/-/filter-alpha-6.2.2.tgz",
            "integrity": "sha512-CijLcgFdmivmSyZuM5Yyeo6R+PwalZp9OSoard1Oh5DBVvcRDn4m3cBM+nimR4YJbr0kiMbK4Ja8r+e2vwFVjA==",
            "dev": true,
            "requires": {}
        },
        "@pixi/filter-blur": {
            "version": "6.2.2",
            "resolved": "https://registry.npmjs.org/@pixi/filter-blur/-/filter-blur-6.2.2.tgz",
            "integrity": "sha512-ApFqn2fMIipr3mRp/8dZ74qraGGzzPO/EzvltDqJLru9vGlbX6dKLXZ6w5H8D/uN6aQW1e4N1Nrtzk5mvJVQ3g==",
            "dev": true,
            "requires": {}
        },
        "@pixi/filter-color-matrix": {
            "version": "6.2.2",
            "resolved": "https://registry.npmjs.org/@pixi/filter-color-matrix/-/filter-color-matrix-6.2.2.tgz",
            "integrity": "sha512-fQWbtKFWV29jKkq4d6TknEfQ5sF5OxcbJeZo0HJmgoV3FLZ0t21XE991CFI/TqDBo8U3wzUPZVbXxiFoDKmJ8w==",
            "dev": true,
            "requires": {}
        },
        "@pixi/filter-displacement": {
            "version": "6.2.2",
            "resolved": "https://registry.npmjs.org/@pixi/filter-displacement/-/filter-displacement-6.2.2.tgz",
            "integrity": "sha512-cd9um4kNNIeqKA/wVZw+iha+XVbBOYBC8En5hk3ZXAIXxCHxOCz3KS+aOVejXH5EB/gMDPvNNwygn0SCpSGdKA==",
            "dev": true,
            "requires": {}
        },
        "@pixi/filter-fxaa": {
            "version": "6.2.2",
            "resolved": "https://registry.npmjs.org/@pixi/filter-fxaa/-/filter-fxaa-6.2.2.tgz",
            "integrity": "sha512-e4qekMlsiEcjV0JRoqH3b34sk8yzT4jsROYPHzk0IiafE+nNNcF3vQmcmnfC0aGIyODzmNdzFLjlFkRRSviydA==",
            "dev": true,
            "requires": {}
        },
        "@pixi/filter-noise": {
            "version": "6.2.2",
            "resolved": "https://registry.npmjs.org/@pixi/filter-noise/-/filter-noise-6.2.2.tgz",
            "integrity": "sha512-Jp4L6winS6ZGKpp76x3JyfEWnUMY44fQ90Ts3R3vKkZZFNDd3T4uisZ7YwvDKOhmSo5hY3lQkXaCg/YO5feXbw==",
            "dev": true,
            "requires": {}
        },
        "@pixi/graphics": {
            "version": "6.2.2",
            "resolved": "https://registry.npmjs.org/@pixi/graphics/-/graphics-6.2.2.tgz",
            "integrity": "sha512-mQyd6ef6/EF5nt7M1OObBEb9FCXxIP6AT30H01Z2wnnCgu4qj8MHrJxTkQxSHynQ+eVVPswzpVizUQZHlIYZNw==",
            "dev": true,
            "requires": {}
        },
        "@pixi/interaction": {
            "version": "6.2.2",
            "resolved": "https://registry.npmjs.org/@pixi/interaction/-/interaction-6.2.2.tgz",
            "integrity": "sha512-gpNLCPc+j+RZSZqbKbzVRf4fSlOlYm0xqUVn6JtNH1kc+d9AV7Nmw9but4osP/eodDWsWPQ+7sPKClHY36bKRA==",
            "dev": true,
            "requires": {}
        },
        "@pixi/loaders": {
            "version": "6.2.2",
            "resolved": "https://registry.npmjs.org/@pixi/loaders/-/loaders-6.2.2.tgz",
            "integrity": "sha512-jwFM59GeMQpzuniw5PlC7kCoXZEaKrw31/ecR1sXKWDtHRyMtvXTuf+R+tSol/1ISQ55c0JBTuUbLPwp7hPvFQ==",
            "dev": true,
            "requires": {}
        },
        "@pixi/math": {
            "version": "6.2.2",
            "resolved": "https://registry.npmjs.org/@pixi/math/-/math-6.2.2.tgz",
            "integrity": "sha512-TtsaooRRMc/WAZ4LKUDhP/d14BZElLjRNa2gopwTKUtrDa1KvzAMr8WJ8P+gaXl4DJ8B/MlgESdPhRUqVSUw0A==",
            "dev": true
        },
        "@pixi/mesh": {
            "version": "6.2.2",
            "resolved": "https://registry.npmjs.org/@pixi/mesh/-/mesh-6.2.2.tgz",
            "integrity": "sha512-CsKFgTu2MP756sHeoCr9s4tHy2VmnDZPnvZ0ThV8QMnb5w3Z2qRDKlXSSIdNaQOxoAPKkqxIu0JbLK8kyX0oqw==",
            "dev": true,
            "requires": {}
        },
        "@pixi/mesh-extras": {
            "version": "6.2.2",
            "resolved": "https://registry.npmjs.org/@pixi/mesh-extras/-/mesh-extras-6.2.2.tgz",
            "integrity": "sha512-HFYWhWcV6gY7VYnMhz9OSEN14PPfVqLzWnglbegGEMqCbY/ZGsD8X99x/HLGQGd6L4FFto382q0Fj1xu+y/brg==",
            "dev": true,
            "requires": {}
        },
        "@pixi/mixin-cache-as-bitmap": {
            "version": "6.2.2",
            "resolved": "https://registry.npmjs.org/@pixi/mixin-cache-as-bitmap/-/mixin-cache-as-bitmap-6.2.2.tgz",
            "integrity": "sha512-t3jZKGa/qoRMetMWmGkXz8Kp1Uzmb+2y4/adqu+RdIeG3D1oItuGux+R36ZQO6dVRv3R8s2/Dex0aACek171zw==",
            "dev": true,
            "requires": {}
        },
        "@pixi/mixin-get-child-by-name": {
            "version": "6.2.2",
            "resolved": "https://registry.npmjs.org/@pixi/mixin-get-child-by-name/-/mixin-get-child-by-name-6.2.2.tgz",
            "integrity": "sha512-BBrniLAkzDex4HyvVdE/DjphzQu4pZ8Nc5aDRIbiS1s283/IXr2oTcoaW23kCjhX0xgu++XcJQQMMyv3mlblZQ==",
            "dev": true,
            "requires": {}
        },
        "@pixi/mixin-get-global-position": {
            "version": "6.2.2",
            "resolved": "https://registry.npmjs.org/@pixi/mixin-get-global-position/-/mixin-get-global-position-6.2.2.tgz",
            "integrity": "sha512-Rz7DHn6koYFEeVG36rKiMwoTD+elJKqwQ24HHw0BAKz1VwGagBi0ZTcJ+nWplBOrw6ZPKfdOBwGQLXD7ODg8lQ==",
            "dev": true,
            "requires": {}
        },
        "@pixi/particle-container": {
            "version": "6.2.2",
            "resolved": "https://registry.npmjs.org/@pixi/particle-container/-/particle-container-6.2.2.tgz",
            "integrity": "sha512-DYbSCcUiVLeM4sKZkzAp3F6dz3idyP1jecxbFqNmRjWRyMv7uXIO42rxGJMrd6BzA5j7DkywI3X0SqhhSZP7Ag==",
            "dev": true,
            "requires": {}
        },
        "@pixi/polyfill": {
            "version": "6.2.2",
            "dev": true,
            "requires": {
                "object-assign": "^4.1.1",
                "promise-polyfill": "^8.2.0"
            }
        },
        "@pixi/prepare": {
            "version": "6.2.2",
            "resolved": "https://registry.npmjs.org/@pixi/prepare/-/prepare-6.2.2.tgz",
            "integrity": "sha512-kJojn/6zEcao+XQyU+zWkBmQr0Tgeju3F9JYBpPQ8MKIUJYvDQDtRxYo9A6Xzxk8FJ373s2Ext/OelX2FcR3HQ==",
            "dev": true,
            "requires": {}
        },
        "@pixi/runner": {
            "version": "6.2.2",
            "resolved": "https://registry.npmjs.org/@pixi/runner/-/runner-6.2.2.tgz",
            "integrity": "sha512-q7bc6Eu2XplGzCQBOhbv32P0z48ixW/Su6epT9IOfDi2iTiPjB5Sxp9e+DZDFIzvkfLzgr67Ddy51YMvOp5sQg==",
            "dev": true
        },
        "@pixi/settings": {
            "version": "6.2.2",
            "resolved": "https://registry.npmjs.org/@pixi/settings/-/settings-6.2.2.tgz",
            "integrity": "sha512-eQv0ykSwnJUd/LF4MuaFoL+eBNG+EUPAVfsnlsez/Y09aqwIzJyAjRx+uGp9adQ3XHXwYt2l2wINn+foF1y/8A==",
            "dev": true,
            "requires": {
                "ismobilejs": "^1.1.0"
            }
        },
        "@pixi/sprite": {
            "version": "6.2.2",
            "resolved": "https://registry.npmjs.org/@pixi/sprite/-/sprite-6.2.2.tgz",
            "integrity": "sha512-Imr+sJWFh5GtarW3FBBUzedSexfijg7OL0A6qwMDHA011gjyVeRZ15uXP8fgIwUoHoMLsU6xk85jcucM9RfWuw==",
            "dev": true,
            "requires": {}
        },
        "@pixi/sprite-animated": {
            "version": "6.2.2",
            "resolved": "https://registry.npmjs.org/@pixi/sprite-animated/-/sprite-animated-6.2.2.tgz",
            "integrity": "sha512-MNkVIuC06aXn8bgfWyqQE8vmclCVLgmHB//hssr/1IFCVmnEEYZLyeWErkIA87grY3iV7tGOILEYSa3pod4XEg==",
            "dev": true,
            "requires": {}
        },
        "@pixi/sprite-tiling": {
            "version": "6.2.2",
            "resolved": "https://registry.npmjs.org/@pixi/sprite-tiling/-/sprite-tiling-6.2.2.tgz",
            "integrity": "sha512-HQ9RVObmwyPq+PM2wm2UEIMdsvWg96ymSz0NOh9bOfMSme18vSWv0Rbidv/FziQT8x6MpoLpYke0DYMGtbu0tA==",
            "dev": true,
            "requires": {}
        },
        "@pixi/spritesheet": {
            "version": "6.2.2",
            "resolved": "https://registry.npmjs.org/@pixi/spritesheet/-/spritesheet-6.2.2.tgz",
            "integrity": "sha512-TZodC/pf+CW/8kZN+RPzObXWSPgYv1pp+foUnOHb7w8AyFnMljeqBPiUfLQaMzw91TI9AHLihoeeofqZ4wMpww==",
            "dev": true,
            "requires": {}
        },
        "@pixi/text": {
            "version": "6.2.2",
            "resolved": "https://registry.npmjs.org/@pixi/text/-/text-6.2.2.tgz",
            "integrity": "sha512-Hi6MO/QhllZ4IWkr7MBzImzHB88XXKlF5E9xt1vUBhdZb3KsQD+cPx+bNCFWn6ZMWDmOloJekzRkkSl3KrfBSw==",
            "dev": true,
            "requires": {}
        },
        "@pixi/text-bitmap": {
            "version": "6.2.2",
            "resolved": "https://registry.npmjs.org/@pixi/text-bitmap/-/text-bitmap-6.2.2.tgz",
            "integrity": "sha512-pJZM0o68n6cUFUdolvpuuloMccdQqvTc3CLzhLu9xW9HLx7NeFjZEQWTGQea8GXsGa1RhvlMd9x3AiVSNMI2FA==",
            "dev": true,
            "requires": {}
        },
        "@pixi/ticker": {
            "version": "6.2.2",
            "resolved": "https://registry.npmjs.org/@pixi/ticker/-/ticker-6.2.2.tgz",
            "integrity": "sha512-tF3cRtcYnj3U3HFQ0IJKvAxFU1YUM96T0p8Qh478xZhvGxYGnjrQDPmjXePb4NocAdG5adb6//2uvQOd7o4rHg==",
            "dev": true,
            "requires": {}
        },
        "@pixi/utils": {
            "version": "6.2.2",
            "resolved": "https://registry.npmjs.org/@pixi/utils/-/utils-6.2.2.tgz",
            "integrity": "sha512-rpS6QolFuRmm/QcKm5PYHOCkX6okl9a00u2osaMbmPP+l7XLATTxSsFhw64UbSNR+zmzsrhreRFBVFn3tf8K6w==",
            "dev": true,
            "requires": {
                "@types/earcut": "^2.1.0",
                "earcut": "^2.2.2",
                "eventemitter3": "^3.1.0",
                "url": "^0.11.0"
            }
        },
        "@types/earcut": {
            "version": "2.1.1",
            "resolved": "https://registry.npmjs.org/@types/earcut/-/earcut-2.1.1.tgz",
            "integrity": "sha512-w8oigUCDjElRHRRrMvn/spybSMyX8MTkKA5Dv+tS1IE/TgmNZPqUYtvYBXGY8cieSE66gm+szeK+bnbxC2xHTQ==",
            "dev": true
        },
        "earcut": {
            "version": "2.2.4",
            "resolved": "https://registry.npmjs.org/earcut/-/earcut-2.2.4.tgz",
            "integrity": "sha512-/pjZsA1b4RPHbeWZQn66SWS8nZZWLQQ23oE3Eam7aroEFGEvwKAsJfZ9ytiEMycfzXWpca4FA9QIOehf7PocBQ==",
            "dev": true
        },
        "eventemitter3": {
            "version": "3.1.2",
            "resolved": "https://registry.npmjs.org/eventemitter3/-/eventemitter3-3.1.2.tgz",
            "integrity": "sha512-tvtQIeLVHjDkJYnzf2dgVMxfuSGJeM/7UCG17TT4EumTfNtF+0nebF/4zWOIkCreAbtNqhGEboB6BWrwqNaw4Q==",
            "dev": true
        },
        "ismobilejs": {
            "version": "1.1.1",
            "resolved": "https://registry.npmjs.org/ismobilejs/-/ismobilejs-1.1.1.tgz",
            "integrity": "sha512-VaFW53yt8QO61k2WJui0dHf4SlL8lxBofUuUmwBo0ljPk0Drz2TiuDW4jo3wDcv41qy/SxrJ+VAzJ/qYqsmzRw==",
            "dev": true
        },
        "object-assign": {
            "version": "4.1.1",
            "resolved": "https://registry.npmjs.org/object-assign/-/object-assign-4.1.1.tgz",
            "integrity": "sha512-rJgTQnkUnH1sFw8yT6VSU3zD3sWmu6sZhIseY8VX+GRu3P6F7Fu+JNDoXfklElbLJSnc3FUQHVe4cU5hj+BcUg==",
            "dev": true
        },
        "pixi.js": {
            "version": "6.2.2",
            "dev": true,
            "requires": {
                "@pixi/accessibility": "6.2.2",
                "@pixi/app": "6.2.2",
                "@pixi/compressed-textures": "6.2.2",
                "@pixi/constants": "6.2.2",
                "@pixi/core": "6.2.2",
                "@pixi/display": "6.2.2",
                "@pixi/extract": "6.2.2",
                "@pixi/filter-alpha": "6.2.2",
                "@pixi/filter-blur": "6.2.2",
                "@pixi/filter-color-matrix": "6.2.2",
                "@pixi/filter-displacement": "6.2.2",
                "@pixi/filter-fxaa": "6.2.2",
                "@pixi/filter-noise": "6.2.2",
                "@pixi/graphics": "6.2.2",
                "@pixi/interaction": "6.2.2",
                "@pixi/loaders": "6.2.2",
                "@pixi/math": "6.2.2",
                "@pixi/mesh": "6.2.2",
                "@pixi/mesh-extras": "6.2.2",
                "@pixi/mixin-cache-as-bitmap": "6.2.2",
                "@pixi/mixin-get-child-by-name": "6.2.2",
                "@pixi/mixin-get-global-position": "6.2.2",
                "@pixi/particle-container": "6.2.2",
                "@pixi/polyfill": "6.2.2",
                "@pixi/prepare": "6.2.2",
                "@pixi/runner": "6.2.2",
                "@pixi/settings": "6.2.2",
                "@pixi/sprite": "6.2.2",
                "@pixi/sprite-animated": "6.2.2",
                "@pixi/sprite-tiling": "6.2.2",
                "@pixi/spritesheet": "6.2.2",
                "@pixi/text": "6.2.2",
                "@pixi/text-bitmap": "6.2.2",
                "@pixi/ticker": "6.2.2",
                "@pixi/utils": "6.2.2"
            }
        },
        "promise-polyfill": {
            "version": "8.2.3",
            "resolved": "https://registry.npmjs.org/promise-polyfill/-/promise-polyfill-8.2.3.tgz",
            "integrity": "sha512-Og0+jCRQetV84U8wVjMNccfGCnMQ9mGs9Hv78QFe+pSDD3gWTpz0y+1QCuxy5d/vBFuZ3iwP2eycAkvqIMPmWg==",
            "dev": true
        },
        "punycode": {
            "version": "1.3.2",
            "resolved": "https://registry.npmjs.org/punycode/-/punycode-1.3.2.tgz",
            "integrity": "sha512-RofWgt/7fL5wP1Y7fxE7/EmTLzQVnB0ycyibJ0OOHIlJqTNzglYFxVwETOcIoJqJmpDXJ9xImDv+Fq34F/d4Dw==",
            "dev": true
        },
        "querystring": {
            "version": "0.2.0",
            "resolved": "https://registry.npmjs.org/querystring/-/querystring-0.2.0.tgz",
            "integrity": "sha512-X/xY82scca2tau62i9mDyU9K+I+djTMUsvwf7xnUX5GLvVzgJybOJf4Y6o9Zx3oJK/LSXg5tTZBjwzqVPaPO2g==",
            "dev": true
        },
        "typescript": {
            "version": "4.7.4",
            "resolved": "https://registry.npmjs.org/typescript/-/typescript-4.7.4.tgz",
            "integrity": "sha512-C0WQT0gezHuw6AdY1M2jxUO83Rjf0HP7Sk1DtXj6j1EwkQNZrHAg2XPWlq62oqEhYvONq5pkC2Y9oPljWToLmQ==",
            "dev": true
        },
        "url": {
            "version": "0.11.0",
            "resolved": "https://registry.npmjs.org/url/-/url-0.11.0.tgz",
            "integrity": "sha512-kbailJa29QrtXnxgq+DdCEGlbTeYM2eJUxsz6vjZavrCYPMIFHMKQmSKYAIuUK2i7hgPm28a8piX5NTUtM/LKQ==",
            "dev": true,
            "requires": {
                "punycode": "1.3.2",
                "querystring": "0.2.0"
            }
        }
    }
}
